
Microsoft Visual Studio Solution File, Format Version 12.00
# Visual Studio 2012
Project("{FAE04EC0-301F-11D3-BF4B-00C04F79EFBC}") = "Sto_Obekta", "Sto_Obekta\Sto_Obekta.csproj", "{95BF165F-C620-468F-B7D8-0466DC79F781}"
EndProject
Project("{FAE04EC0-301F-11D3-BF4B-00C04F79EFBC}") = "DbModel", "DbModel\DbModel.csproj", "{67E8343B-FBD5-4154-88A2-91111E45C437}"
EndProject
Global
	GlobalSection(SolutionConfigurationPlatforms) = preSolution
		Debug|Any CPU = Debug|Any CPU
		Release|Any CPU = Release|Any CPU
	EndGlobalSection
	GlobalSection(ProjectConfigurationPlatforms) = postSolution
		{95BF165F-C620-468F-B7D8-0466DC79F781}.Debug|Any CPU.ActiveCfg = Debug|Any CPU
		{95BF165F-C620-468F-B7D8-0466DC79F781}.Debug|Any CPU.Build.0 = Debug|Any CPU
		{95BF165F-C620-468F-B7D8-0466DC79F781}.Release|Any CPU.ActiveCfg = Release|Any CPU
		{95BF165F-C620-468F-B7D8-0466DC79F781}.Release|Any CPU.Build.0 = Release|Any CPU
		{67E8343B-FBD5-4154-88A2-91111E45C437}.Debug|Any CPU.ActiveCfg = Debug|Any CPU
		{67E8343B-FBD5-4154-88A2-91111E45C437}.Debug|Any CPU.Build.0 = Debug|Any CPU
		{67E8343B-FBD5-4154-88A2-91111E45C437}.Release|Any CPU.ActiveCfg = Release|Any CPU
		{67E8343B-FBD5-4154-88A2-91111E45C437}.Release|Any CPU.Build.0 = Release|Any CPU
	EndGlobalSection
	GlobalSection(SolutionProperties) = preSolution
		HideSolutionNode = FALSE
	EndGlobalSection
EndGlobal
